
Microsoft Visual Studio Solution File, Format Version 12.00
Project("{FAE04EC0-301F-11D3-BF4B-00C04F79EFBC}") = "MusicPlayer", "MusicPlayer.csproj", "{D6A6179E-1FC7-4C90-9B99-717CD7AAB406}"
EndProject
Global
	GlobalSection(SolutionConfigurationPlatforms) = preSolution
		Debug|Any CPU = Debug|Any CPU
		Release|Any CPU = Release|Any CPU
	EndGlobalSection
	GlobalSection(ProjectConfigurationPlatforms) = postSolution
		{D6A6179E-1FC7-4C90-9B99-717CD7AAB406}.Debug|Any CPU.ActiveCfg = Debug|Any CPU
		{D6A6179E-1FC7-4C90-9B99-717CD7AAB406}.Debug|Any CPU.Build.0 = Debug|Any CPU
		{D6A6179E-1FC7-4C90-9B99-717CD7AAB406}.Release|Any CPU.ActiveCfg = Release|Any CPU
		{D6A6179E-1FC7-4C90-9B99-717CD7AAB406}.Release|Any CPU.Build.0 = Release|Any CPU
	EndGlobalSection
EndGlobal
